
Microsoft Visual Studio Solution File, Format Version 12.00
# Visual Studio 2013
VisualStudioVersion = 12.0.30723.0
MinimumVisualStudioVersion = 10.0.40219.1
Project("{FAE04EC0-301F-11D3-BF4B-00C04F79EFBC}") = "MapDrawTest", "MapDrawTest\MapDrawTest.csproj", "{6238B5A3-FD71-4B88-A155-439EFE821722}"
EndProject
Project("{FAE04EC0-301F-11D3-BF4B-00C04F79EFBC}") = "UnitTestMapDraw", "UnitTestMapDraw\UnitTestMapDraw.csproj", "{BE1C553B-26F6-4598-88CB-4768D04FB577}"
EndProject
Global
	GlobalSection(SolutionConfigurationPlatforms) = preSolution
		Debug|Any CPU = Debug|Any CPU
		Release|Any CPU = Release|Any CPU
	EndGlobalSection
	GlobalSection(ProjectConfigurationPlatforms) = postSolution
		{6238B5A3-FD71-4B88-A155-439EFE821722}.Debug|Any CPU.ActiveCfg = Debug|Any CPU
		{6238B5A3-FD71-4B88-A155-439EFE821722}.Debug|Any CPU.Build.0 = Debug|Any CPU
		{6238B5A3-FD71-4B88-A155-439EFE821722}.Release|Any CPU.ActiveCfg = Release|Any CPU
		{6238B5A3-FD71-4B88-A155-439EFE821722}.Release|Any CPU.Build.0 = Release|Any CPU
		{BE1C553B-26F6-4598-88CB-4768D04FB577}.Debug|Any CPU.ActiveCfg = Debug|Any CPU
		{BE1C553B-26F6-4598-88CB-4768D04FB577}.Debug|Any CPU.Build.0 = Debug|Any CPU
		{BE1C553B-26F6-4598-88CB-4768D04FB577}.Release|Any CPU.ActiveCfg = Release|Any CPU
		{BE1C553B-26F6-4598-88CB-4768D04FB577}.Release|Any CPU.Build.0 = Release|Any CPU
	EndGlobalSection
	GlobalSection(SolutionProperties) = preSolution
		HideSolutionNode = FALSE
	EndGlobalSection
EndGlobal
